
Microsoft Visual Studio Solution File, Format Version 12.00
# Visual Studio Version 17
VisualStudioVersion = 17.0.31903.59
MinimumVisualStudioVersion = 10.0.40219.1
Project("{2150E333-8FDC-42A3-9474-1A3956D46DE8}") = "src", "src", "{8BC9CEB8-8B4A-11D0-8D11-00A0C91BC942}"
EndProject
Project("{2150E333-8FDC-42A3-9474-1A3956D46DE8}") = "tests", "tests", "{8BC9CEB8-8B4A-11D0-8D11-00A0C91BC943}"
EndProject
Project("{FAE04EC0-301F-11D3-BF4B-00C04F79EFBC}") = "PoliSync.SharedKernel", "src\PoliSync.SharedKernel\PoliSync.SharedKernel.csproj", "{A1111111-1111-1111-1111-111111111111}"
EndProject
Project("{FAE04EC0-301F-11D3-BF4B-00C04F79EFBC}") = "PoliSync.Infrastructure", "src\PoliSync.Infrastructure\PoliSync.Infrastructure.csproj", "{A2222222-2222-2222-2222-222222222222}"
EndProject
Project("{FAE04EC0-301F-11D3-BF4B-00C04F79EFBC}") = "PoliSync.ApiHost", "src\PoliSync.ApiHost\PoliSync.ApiHost.csproj", "{A3333333-3333-3333-3333-333333333333}"
EndProject
Project("{FAE04EC0-301F-11D3-BF4B-00C04F79EFBC}") = "PoliSync.Products", "src\PoliSync.Products\PoliSync.Products.csproj", "{A4444444-4444-4444-4444-444444444444}"
EndProject
Project("{FAE04EC0-301F-11D3-BF4B-00C04F79EFBC}") = "PoliSync.Quotes", "src\PoliSync.Quotes\PoliSync.Quotes.csproj", "{A5555555-5555-5555-5555-555555555555}"
EndProject
Project("{FAE04EC0-301F-11D3-BF4B-00C04F79EFBC}") = "PoliSync.Orders", "src\PoliSync.Orders\PoliSync.Orders.csproj", "{A6666666-6666-6666-6666-666666666666}"
EndProject
Project("{FAE04EC0-301F-11D3-BF4B-00C04F79EFBC}") = "PoliSync.Policy", "src\PoliSync.Policy\PoliSync.Policy.csproj", "{A7777777-7777-7777-7777-777777777777}"
EndProject
Project("{FAE04EC0-301F-11D3-BF4B-00C04F79EFBC}") = "PoliSync.Endorsement", "src\PoliSync.Endorsement\PoliSync.Endorsement.csproj", "{A8888888-8888-8888-8888-888888888888}"
EndProject
Project("{FAE04EC0-301F-11D3-BF4B-00C04F79EFBC}") = "PoliSync.Renewal", "src\PoliSync.Renewal\PoliSync.Renewal.csproj", "{A9999999-9999-9999-9999-999999999999}"
EndProject
Project("{FAE04EC0-301F-11D3-BF4B-00C04F79EFBC}") = "PoliSync.Underwriting", "src\PoliSync.Underwriting\PoliSync.Underwriting.csproj", "{AAAAAAAA-AAAA-AAAA-AAAA-AAAAAAAAAAAA}"
EndProject
Project("{FAE04EC0-301F-11D3-BF4B-00C04F79EFBC}") = "PoliSync.Claims", "src\PoliSync.Claims\PoliSync.Claims.csproj", "{ABBBBBB-BBBB-BBBB-BBBB-BBBBBBBBBBBB}"
EndProject
Project("{FAE04EC0-301F-11D3-BF4B-00C04F79EFBC}") = "PoliSync.Commission", "src\PoliSync.Commission\PoliSync.Commission.csproj", "{ACCCCCC-CCCC-CCCC-CCCC-CCCCCCCCCCCC}"
EndProject
Project("{FAE04EC0-301F-11D3-BF4B-00C04F79EFBC}") = "PoliSync.Refund", "src\PoliSync.Refund\PoliSync.Refund.csproj", "{ADDDDDD-DDDD-DDDD-DDDD-DDDDDDDDDDDD}"
EndProject
Project("{FAE04EC0-301F-11D3-BF4B-00C04F79EFBC}") = "PoliSync.Products.Tests", "tests\PoliSync.Products.Tests\PoliSync.Products.Tests.csproj", "{B1111111-1111-1111-1111-111111111111}"
EndProject
Project("{FAE04EC0-301F-11D3-BF4B-00C04F79EFBC}") = "PoliSync.Policy.Tests", "tests\PoliSync.Policy.Tests\PoliSync.Policy.Tests.csproj", "{B2222222-2222-2222-2222-222222222222}"
EndProject
Project("{FAE04EC0-301F-11D3-BF4B-00C04F79EFBC}") = "PoliSync.Integration.Tests", "tests\PoliSync.Integration.Tests\PoliSync.Integration.Tests.csproj", "{B3333333-3333-3333-3333-333333333333}"
EndProject
Project("{FAE04EC0-301F-11D3-BF4B-00C04F79EFBC}") = "PoliSync.Proto", "src\PoliSync.Proto\PoliSync.Proto.csproj", "{A9BC13E7-358F-486A-815B-170BF4F8AD71}"
EndProject
Project("{FAE04EC0-301F-11D3-BF4B-00C04F79EFBC}") = "PoliSync.Claims.Tests", "tests\PoliSync.Claims.Tests\PoliSync.Claims.Tests.csproj", "{BAA39555-B0B6-4AEB-85BF-B998AE9E385F}"
EndProject
Project("{FAE04EC0-301F-11D3-BF4B-00C04F79EFBC}") = "PoliSync.Underwriting.Tests", "tests\PoliSync.Underwriting.Tests\PoliSync.Underwriting.Tests.csproj", "{5C461061-A003-4204-89B8-39C3FFD3D3DB}"
EndProject
Project("{FAE04EC0-301F-11D3-BF4B-00C04F79EFBC}") = "PoliSync.Endorsement.Tests", "tests\PoliSync.Endorsement.Tests\PoliSync.Endorsement.Tests.csproj", "{F48D2FF5-7AF5-410F-B5B3-EB789DE2A123}"
EndProject
Project("{FAE04EC0-301F-11D3-BF4B-00C04F79EFBC}") = "PoliSync.Renewal.Tests", "tests\PoliSync.Renewal.Tests\PoliSync.Renewal.Tests.csproj", "{3D609F9B-5958-4C77-A822-7FE314F22E74}"
EndProject
Project("{FAE04EC0-301F-11D3-BF4B-00C04F79EFBC}") = "PoliSync.Commission.Tests", "tests\PoliSync.Commission.Tests\PoliSync.Commission.Tests.csproj", "{00C5E71B-F30F-4C7C-9B30-A18F036ED578}"
EndProject
Project("{FAE04EC0-301F-11D3-BF4B-00C04F79EFBC}") = "PoliSync.Refund.Tests", "tests\PoliSync.Refund.Tests\PoliSync.Refund.Tests.csproj", "{B31C498F-8EAE-415A-A3CC-968E8B527CB2}"
EndProject
Global
	GlobalSection(SolutionConfigurationPlatforms) = preSolution
		Debug|Any CPU = Debug|Any CPU
		Release|Any CPU = Release|Any CPU
	EndGlobalSection
	GlobalSection(ProjectConfigurationPlatforms) = postSolution
		{A1111111-1111-1111-1111-111111111111}.Debug|Any CPU.ActiveCfg = Debug|Any CPU
		{A1111111-1111-1111-1111-111111111111}.Debug|Any CPU.Build.0 = Debug|Any CPU
		{A1111111-1111-1111-1111-111111111111}.Release|Any CPU.ActiveCfg = Release|Any CPU
		{A1111111-1111-1111-1111-111111111111}.Release|Any CPU.Build.0 = Release|Any CPU
		{A2222222-2222-2222-2222-222222222222}.Debug|Any CPU.ActiveCfg = Debug|Any CPU
		{A2222222-2222-2222-2222-222222222222}.Debug|Any CPU.Build.0 = Debug|Any CPU
		{A2222222-2222-2222-2222-222222222222}.Release|Any CPU.ActiveCfg = Release|Any CPU
		{A2222222-2222-2222-2222-222222222222}.Release|Any CPU.Build.0 = Release|Any CPU
		{A3333333-3333-3333-3333-333333333333}.Debug|Any CPU.ActiveCfg = Debug|Any CPU
		{A3333333-3333-3333-3333-333333333333}.Debug|Any CPU.Build.0 = Debug|Any CPU
		{A3333333-3333-3333-3333-333333333333}.Release|Any CPU.ActiveCfg = Release|Any CPU
		{A3333333-3333-3333-3333-333333333333}.Release|Any CPU.Build.0 = Release|Any CPU
		{A4444444-4444-4444-4444-444444444444}.Debug|Any CPU.ActiveCfg = Debug|Any CPU
		{A4444444-4444-4444-4444-444444444444}.Debug|Any CPU.Build.0 = Debug|Any CPU
		{A4444444-4444-4444-4444-444444444444}.Release|Any CPU.ActiveCfg = Release|Any CPU
		{A4444444-4444-4444-4444-444444444444}.Release|Any CPU.Build.0 = Release|Any CPU
		{A5555555-5555-5555-5555-555555555555}.Debug|Any CPU.ActiveCfg = Debug|Any CPU
		{A5555555-5555-5555-5555-555555555555}.Debug|Any CPU.Build.0 = Debug|Any CPU
		{A5555555-5555-5555-5555-555555555555}.Release|Any CPU.ActiveCfg = Release|Any CPU
		{A5555555-5555-5555-5555-555555555555}.Release|Any CPU.Build.0 = Release|Any CPU
		{A6666666-6666-6666-6666-666666666666}.Debug|Any CPU.ActiveCfg = Debug|Any CPU
		{A6666666-6666-6666-6666-666666666666}.Debug|Any CPU.Build.0 = Debug|Any CPU
		{A6666666-6666-6666-6666-666666666666}.Release|Any CPU.ActiveCfg = Release|Any CPU
		{A6666666-6666-6666-6666-666666666666}.Release|Any CPU.Build.0 = Release|Any CPU
		{A7777777-7777-7777-7777-777777777777}.Debug|Any CPU.ActiveCfg = Debug|Any CPU
		{A7777777-7777-7777-7777-777777777777}.Debug|Any CPU.Build.0 = Debug|Any CPU
		{A7777777-7777-7777-7777-777777777777}.Release|Any CPU.ActiveCfg = Release|Any CPU
		{A7777777-7777-7777-7777-777777777777}.Release|Any CPU.Build.0 = Release|Any CPU
		{A8888888-8888-8888-8888-888888888888}.Debug|Any CPU.ActiveCfg = Debug|Any CPU
		{A8888888-8888-8888-8888-888888888888}.Debug|Any CPU.Build.0 = Debug|Any CPU
		{A8888888-8888-8888-8888-888888888888}.Release|Any CPU.ActiveCfg = Release|Any CPU
		{A8888888-8888-8888-8888-888888888888}.Release|Any CPU.Build.0 = Release|Any CPU
		{A9999999-9999-9999-9999-999999999999}.Debug|Any CPU.ActiveCfg = Debug|Any CPU
		{A9999999-9999-9999-9999-999999999999}.Debug|Any CPU.Build.0 = Debug|Any CPU
		{A9999999-9999-9999-9999-999999999999}.Release|Any CPU.ActiveCfg = Release|Any CPU
		{A9999999-9999-9999-9999-999999999999}.Release|Any CPU.Build.0 = Release|Any CPU
		{AAAAAAAA-AAAA-AAAA-AAAA-AAAAAAAAAAAA}.Debug|Any CPU.ActiveCfg = Debug|Any CPU
		{AAAAAAAA-AAAA-AAAA-AAAA-AAAAAAAAAAAA}.Debug|Any CPU.Build.0 = Debug|Any CPU
		{AAAAAAAA-AAAA-AAAA-AAAA-AAAAAAAAAAAA}.Release|Any CPU.ActiveCfg = Release|Any CPU
		{AAAAAAAA-AAAA-AAAA-AAAA-AAAAAAAAAAAA}.Release|Any CPU.Build.0 = Release|Any CPU
		{ABBBBBB-BBBB-BBBB-BBBB-BBBBBBBBBBBB}.Debug|Any CPU.ActiveCfg = Debug|Any CPU
		{ABBBBBB-BBBB-BBBB-BBBB-BBBBBBBBBBBB}.Debug|Any CPU.Build.0 = Debug|Any CPU
		{ABBBBBB-BBBB-BBBB-BBBB-BBBBBBBBBBBB}.Release|Any CPU.ActiveCfg = Release|Any CPU
		{ABBBBBB-BBBB-BBBB-BBBB-BBBBBBBBBBBB}.Release|Any CPU.Build.0 = Release|Any CPU
		{ACCCCCC-CCCC-CCCC-CCCC-CCCCCCCCCCCC}.Debug|Any CPU.ActiveCfg = Debug|Any CPU
		{ACCCCCC-CCCC-CCCC-CCCC-CCCCCCCCCCCC}.Debug|Any CPU.Build.0 = Debug|Any CPU
		{ACCCCCC-CCCC-CCCC-CCCC-CCCCCCCCCCCC}.Release|Any CPU.ActiveCfg = Release|Any CPU
		{ACCCCCC-CCCC-CCCC-CCCC-CCCCCCCCCCCC}.Release|Any CPU.Build.0 = Release|Any CPU
		{ADDDDDD-DDDD-DDDD-DDDD-DDDDDDDDDDDD}.Debug|Any CPU.ActiveCfg = Debug|Any CPU
		{ADDDDDD-DDDD-DDDD-DDDD-DDDDDDDDDDDD}.Debug|Any CPU.Build.0 = Debug|Any CPU
		{ADDDDDD-DDDD-DDDD-DDDD-DDDDDDDDDDDD}.Release|Any CPU.ActiveCfg = Release|Any CPU
		{ADDDDDD-DDDD-DDDD-DDDD-DDDDDDDDDDDD}.Release|Any CPU.Build.0 = Release|Any CPU
		{B1111111-1111-1111-1111-111111111111}.Debug|Any CPU.ActiveCfg = Debug|Any CPU
		{B1111111-1111-1111-1111-111111111111}.Debug|Any CPU.Build.0 = Debug|Any CPU
		{B1111111-1111-1111-1111-111111111111}.Release|Any CPU.ActiveCfg = Release|Any CPU
		{B1111111-1111-1111-1111-111111111111}.Release|Any CPU.Build.0 = Release|Any CPU
		{B2222222-2222-2222-2222-222222222222}.Debug|Any CPU.ActiveCfg = Debug|Any CPU
		{B2222222-2222-2222-2222-222222222222}.Debug|Any CPU.Build.0 = Debug|Any CPU
		{B2222222-2222-2222-2222-222222222222}.Release|Any CPU.ActiveCfg = Release|Any CPU
		{B2222222-2222-2222-2222-222222222222}.Release|Any CPU.Build.0 = Release|Any CPU
		{B3333333-3333-3333-3333-333333333333}.Debug|Any CPU.ActiveCfg = Debug|Any CPU
		{B3333333-3333-3333-3333-333333333333}.Debug|Any CPU.Build.0 = Debug|Any CPU
		{B3333333-3333-3333-3333-333333333333}.Release|Any CPU.ActiveCfg = Release|Any CPU
		{B3333333-3333-3333-3333-333333333333}.Release|Any CPU.Build.0 = Release|Any CPU
		{A9BC13E7-358F-486A-815B-170BF4F8AD71}.Debug|Any CPU.ActiveCfg = Debug|Any CPU
		{A9BC13E7-358F-486A-815B-170BF4F8AD71}.Debug|Any CPU.Build.0 = Debug|Any CPU
		{A9BC13E7-358F-486A-815B-170BF4F8AD71}.Release|Any CPU.ActiveCfg = Release|Any CPU
		{A9BC13E7-358F-486A-815B-170BF4F8AD71}.Release|Any CPU.Build.0 = Release|Any CPU
		{BAA39555-B0B6-4AEB-85BF-B998AE9E385F}.Debug|Any CPU.ActiveCfg = Debug|Any CPU
		{BAA39555-B0B6-4AEB-85BF-B998AE9E385F}.Debug|Any CPU.Build.0 = Debug|Any CPU
		{BAA39555-B0B6-4AEB-85BF-B998AE9E385F}.Release|Any CPU.ActiveCfg = Release|Any CPU
		{BAA39555-B0B6-4AEB-85BF-B998AE9E385F}.Release|Any CPU.Build.0 = Release|Any CPU
		{5C461061-A003-4204-89B8-39C3FFD3D3DB}.Debug|Any CPU.ActiveCfg = Debug|Any CPU
		{5C461061-A003-4204-89B8-39C3FFD3D3DB}.Debug|Any CPU.Build.0 = Debug|Any CPU
		{5C461061-A003-4204-89B8-39C3FFD3D3DB}.Release|Any CPU.ActiveCfg = Release|Any CPU
		{5C461061-A003-4204-89B8-39C3FFD3D3DB}.Release|Any CPU.Build.0 = Release|Any CPU
		{F48D2FF5-7AF5-410F-B5B3-EB789DE2A123}.Debug|Any CPU.ActiveCfg = Debug|Any CPU
		{F48D2FF5-7AF5-410F-B5B3-EB789DE2A123}.Debug|Any CPU.Build.0 = Debug|Any CPU
		{F48D2FF5-7AF5-410F-B5B3-EB789DE2A123}.Release|Any CPU.ActiveCfg = Release|Any CPU
		{F48D2FF5-7AF5-410F-B5B3-EB789DE2A123}.Release|Any CPU.Build.0 = Release|Any CPU
		{3D609F9B-5958-4C77-A822-7FE314F22E74}.Debug|Any CPU.ActiveCfg = Debug|Any CPU
		{3D609F9B-5958-4C77-A822-7FE314F22E74}.Debug|Any CPU.Build.0 = Debug|Any CPU
		{3D609F9B-5958-4C77-A822-7FE314F22E74}.Release|Any CPU.ActiveCfg = Release|Any CPU
		{3D609F9B-5958-4C77-A822-7FE314F22E74}.Release|Any CPU.Build.0 = Release|Any CPU
		{00C5E71B-F30F-4C7C-9B30-A18F036ED578}.Debug|Any CPU.ActiveCfg = Debug|Any CPU
		{00C5E71B-F30F-4C7C-9B30-A18F036ED578}.Debug|Any CPU.Build.0 = Debug|Any CPU
		{00C5E71B-F30F-4C7C-9B30-A18F036ED578}.Release|Any CPU.ActiveCfg = Release|Any CPU
		{00C5E71B-F30F-4C7C-9B30-A18F036ED578}.Release|Any CPU.Build.0 = Release|Any CPU
		{B31C498F-8EAE-415A-A3CC-968E8B527CB2}.Debug|Any CPU.ActiveCfg = Debug|Any CPU
		{B31C498F-8EAE-415A-A3CC-968E8B527CB2}.Debug|Any CPU.Build.0 = Debug|Any CPU
		{B31C498F-8EAE-415A-A3CC-968E8B527CB2}.Release|Any CPU.ActiveCfg = Release|Any CPU
		{B31C498F-8EAE-415A-A3CC-968E8B527CB2}.Release|Any CPU.Build.0 = Release|Any CPU
	EndGlobalSection
	GlobalSection(NestedProjects) = preSolution
		{A1111111-1111-1111-1111-111111111111} = {8BC9CEB8-8B4A-11D0-8D11-00A0C91BC942}
		{A2222222-2222-2222-2222-222222222222} = {8BC9CEB8-8B4A-11D0-8D11-00A0C91BC942}
		{A3333333-3333-3333-3333-333333333333} = {8BC9CEB8-8B4A-11D0-8D11-00A0C91BC942}
		{A4444444-4444-4444-4444-444444444444} = {8BC9CEB8-8B4A-11D0-8D11-00A0C91BC942}
		{A5555555-5555-5555-5555-555555555555} = {8BC9CEB8-8B4A-11D0-8D11-00A0C91BC942}
		{A6666666-6666-6666-6666-666666666666} = {8BC9CEB8-8B4A-11D0-8D11-00A0C91BC942}
		{A7777777-7777-7777-7777-777777777777} = {8BC9CEB8-8B4A-11D0-8D11-00A0C91BC942}
		{A8888888-8888-8888-8888-888888888888} = {8BC9CEB8-8B4A-11D0-8D11-00A0C91BC942}
		{A9999999-9999-9999-9999-999999999999} = {8BC9CEB8-8B4A-11D0-8D11-00A0C91BC942}
		{AAAAAAAA-AAAA-AAAA-AAAA-AAAAAAAAAAAA} = {8BC9CEB8-8B4A-11D0-8D11-00A0C91BC942}
		{ABBBBBB-BBBB-BBBB-BBBB-BBBBBBBBBBBB} = {8BC9CEB8-8B4A-11D0-8D11-00A0C91BC942}
		{ACCCCCC-CCCC-CCCC-CCCC-CCCCCCCCCCCC} = {8BC9CEB8-8B4A-11D0-8D11-00A0C91BC942}
		{ADDDDDD-DDDD-DDDD-DDDD-DDDDDDDDDDDD} = {8BC9CEB8-8B4A-11D0-8D11-00A0C91BC942}
		{B1111111-1111-1111-1111-111111111111} = {8BC9CEB8-8B4A-11D0-8D11-00A0C91BC943}
		{B2222222-2222-2222-2222-222222222222} = {8BC9CEB8-8B4A-11D0-8D11-00A0C91BC943}
		{B3333333-3333-3333-3333-333333333333} = {8BC9CEB8-8B4A-11D0-8D11-00A0C91BC943}
		{A9BC13E7-358F-486A-815B-170BF4F8AD71} = {8BC9CEB8-8B4A-11D0-8D11-00A0C91BC942}
		{BAA39555-B0B6-4AEB-85BF-B998AE9E385F} = {8BC9CEB8-8B4A-11D0-8D11-00A0C91BC943}
		{5C461061-A003-4204-89B8-39C3FFD3D3DB} = {8BC9CEB8-8B4A-11D0-8D11-00A0C91BC943}
		{F48D2FF5-7AF5-410F-B5B3-EB789DE2A123} = {8BC9CEB8-8B4A-11D0-8D11-00A0C91BC943}
		{3D609F9B-5958-4C77-A822-7FE314F22E74} = {8BC9CEB8-8B4A-11D0-8D11-00A0C91BC943}
		{00C5E71B-F30F-4C7C-9B30-A18F036ED578} = {8BC9CEB8-8B4A-11D0-8D11-00A0C91BC943}
		{B31C498F-8EAE-415A-A3CC-968E8B527CB2} = {8BC9CEB8-8B4A-11D0-8D11-00A0C91BC943}
	EndGlobalSection
EndGlobal
