
Microsoft Visual Studio Solution File, Format Version 12.00
# Visual Studio Version 17
VisualStudioVersion = 17.0.31903.59
MinimumVisualStudioVersion = 10.0.40219.1
Project("{2150E333-8FDC-42A3-9474-1A3956D46DE8}") = "src", "src", "{0C4ECF63-BF1C-4FD2-9A80-9FEAEEE74CD0}"
EndProject
Project("{FAE04EC0-301F-11D3-BF4B-00C04F79EFBC}") = "InsuranceEngine.ApiHost", "src\InsuranceEngine.ApiHost\InsuranceEngine.ApiHost.csproj", "{B943E586-42DA-4D81-BFE0-E48719D650B6}"
EndProject
Project("{FAE04EC0-301F-11D3-BF4B-00C04F79EFBC}") = "InsuranceEngine.SharedKernel", "src\InsuranceEngine.SharedKernel\InsuranceEngine.SharedKernel.csproj", "{B7699422-1AC9-4E34-AEE0-BD099EB16E4E}"
EndProject
Project("{FAE04EC0-301F-11D3-BF4B-00C04F79EFBC}") = "InsuranceEngine.Beneficiary", "src\InsuranceEngine.Beneficiary\InsuranceEngine.Beneficiary.csproj", "{A631CF65-CAE7-4ABB-80DF-447C3A40D079}"
EndProject
Project("{FAE04EC0-301F-11D3-BF4B-00C04F79EFBC}") = "InsuranceEngine.Proto", "src\InsuranceEngine.Proto\InsuranceEngine.Proto.csproj", "{14FF0EFE-2BE6-4971-80AA-81A8F4EFDBEE}"
EndProject
Project("{FAE04EC0-301F-11D3-BF4B-00C04F79EFBC}") = "InsuranceEngine.Products", "src\InsuranceEngine.Products\InsuranceEngine.Products.csproj", "{A1B2C3D4-E5F6-7890-ABCD-EF1234567890}"
EndProject
Project("{FAE04EC0-301F-11D3-BF4B-00C04F79EFBC}") = "InsuranceEngine.Policy", "src\InsuranceEngine.Policy\InsuranceEngine.Policy.csproj", "{B2C3D4E5-F6A7-8901-BCDE-F12345678901}"
EndProject
Project("{FAE04EC0-301F-11D3-BF4B-00C04F79EFBC}") = "InsuranceEngine.Underwriting", "src\InsuranceEngine.Underwriting\InsuranceEngine.Underwriting.csproj", "{C3D4E5F6-A7B8-9012-CDEF-123456789012}"
EndProject
Project("{FAE04EC0-301F-11D3-BF4B-00C04F79EFBC}") = "InsuranceEngine.Claims", "src\InsuranceEngine.Claims\InsuranceEngine.Claims.csproj", "{D4E5F6A7-B8C9-0123-DEF0-234567890123}"
EndProject
Project("{FAE04EC0-301F-11D3-BF4B-00C04F79EFBC}") = "InsuranceEngine.Commission", "src\InsuranceEngine.Commission\InsuranceEngine.Commission.csproj", "{E5F6A7B8-C9D0-1234-EF01-345678901234}"
EndProject
Global
	GlobalSection(SolutionConfigurationPlatforms) = preSolution
		Debug|Any CPU = Debug|Any CPU
		Debug|x64 = Debug|x64
		Debug|x86 = Debug|x86
		Release|Any CPU = Release|Any CPU
		Release|x64 = Release|x64
		Release|x86 = Release|x86
	EndGlobalSection
	GlobalSection(ProjectConfigurationPlatforms) = postSolution
		{B943E586-42DA-4D81-BFE0-E48719D650B6}.Debug|Any CPU.ActiveCfg = Debug|Any CPU
		{B943E586-42DA-4D81-BFE0-E48719D650B6}.Debug|Any CPU.Build.0 = Debug|Any CPU
		{B943E586-42DA-4D81-BFE0-E48719D650B6}.Debug|x64.ActiveCfg = Debug|Any CPU
		{B943E586-42DA-4D81-BFE0-E48719D650B6}.Debug|x64.Build.0 = Debug|Any CPU
		{B943E586-42DA-4D81-BFE0-E48719D650B6}.Debug|x86.ActiveCfg = Debug|Any CPU
		{B943E586-42DA-4D81-BFE0-E48719D650B6}.Debug|x86.Build.0 = Debug|Any CPU
		{B943E586-42DA-4D81-BFE0-E48719D650B6}.Release|Any CPU.ActiveCfg = Release|Any CPU
		{B943E586-42DA-4D81-BFE0-E48719D650B6}.Release|Any CPU.Build.0 = Release|Any CPU
		{B943E586-42DA-4D81-BFE0-E48719D650B6}.Release|x64.ActiveCfg = Release|Any CPU
		{B943E586-42DA-4D81-BFE0-E48719D650B6}.Release|x64.Build.0 = Release|Any CPU
		{B943E586-42DA-4D81-BFE0-E48719D650B6}.Release|x86.ActiveCfg = Release|x86
		{B943E586-42DA-4D81-BFE0-E48719D650B6}.Release|x86.Build.0 = Release|x86
		{B7699422-1AC9-4E34-AEE0-BD099EB16E4E}.Debug|Any CPU.ActiveCfg = Debug|Any CPU
		{B7699422-1AC9-4E34-AEE0-BD099EB16E4E}.Debug|Any CPU.Build.0 = Debug|Any CPU
		{B7699422-1AC9-4E34-AEE0-BD099EB16E4E}.Debug|x64.ActiveCfg = Debug|Any CPU
		{B7699422-1AC9-4E34-AEE0-BD099EB16E4E}.Debug|x64.Build.0 = Debug|Any CPU
		{B7699422-1AC9-4E34-AEE0-BD099EB16E4E}.Debug|x86.ActiveCfg = Debug|Any CPU
		{B7699422-1AC9-4E34-AEE0-BD099EB16E4E}.Debug|x86.Build.0 = Debug|Any CPU
		{B7699422-1AC9-4E34-AEE0-BD099EB16E4E}.Release|Any CPU.ActiveCfg = Release|Any CPU
		{B7699422-1AC9-4E34-AEE0-BD099EB16E4E}.Release|Any CPU.Build.0 = Release|Any CPU
		{B7699422-1AC9-4E34-AEE0-BD099EB16E4E}.Release|x64.ActiveCfg = Release|Any CPU
		{B7699422-1AC9-4E34-AEE0-BD099EB16E4E}.Release|x64.Build.0 = Release|Any CPU
		{B7699422-1AC9-4E34-AEE0-BD099EB16E4E}.Release|x86.ActiveCfg = Release|x86
		{B7699422-1AC9-4E34-AEE0-BD099EB16E4E}.Release|x86.Build.0 = Release|x86
		{A631CF65-CAE7-4ABB-80DF-447C3A40D079}.Debug|Any CPU.ActiveCfg = Debug|Any CPU
		{A631CF65-CAE7-4ABB-80DF-447C3A40D079}.Debug|Any CPU.Build.0 = Debug|Any CPU
		{A631CF65-CAE7-4ABB-80DF-447C3A40D079}.Debug|x64.ActiveCfg = Debug|Any CPU
		{A631CF65-CAE7-4ABB-80DF-447C3A40D079}.Debug|x64.Build.0 = Debug|Any CPU
		{A631CF65-CAE7-4ABB-80DF-447C3A40D079}.Debug|x86.ActiveCfg = Debug|Any CPU
		{A631CF65-CAE7-4ABB-80DF-447C3A40D079}.Debug|x86.Build.0 = Debug|Any CPU
		{A631CF65-CAE7-4ABB-80DF-447C3A40D079}.Release|Any CPU.ActiveCfg = Release|Any CPU
		{A631CF65-CAE7-4ABB-80DF-447C3A40D079}.Release|Any CPU.Build.0 = Release|Any CPU
		{A631CF65-CAE7-4ABB-80DF-447C3A40D079}.Release|x64.ActiveCfg = Release|Any CPU
		{A631CF65-CAE7-4ABB-80DF-447C3A40D079}.Release|x64.Build.0 = Release|Any CPU
		{A631CF65-CAE7-4ABB-80DF-447C3A40D079}.Release|x86.ActiveCfg = Release|x86
		{A631CF65-CAE7-4ABB-80DF-447C3A40D079}.Release|x86.Build.0 = Release|x86
		{14FF0EFE-2BE6-4971-80AA-81A8F4EFDBEE}.Debug|Any CPU.ActiveCfg = Debug|Any CPU
		{14FF0EFE-2BE6-4971-80AA-81A8F4EFDBEE}.Debug|Any CPU.Build.0 = Debug|Any CPU
		{14FF0EFE-2BE6-4971-80AA-81A8F4EFDBEE}.Debug|x64.ActiveCfg = Debug|Any CPU
		{14FF0EFE-2BE6-4971-80AA-81A8F4EFDBEE}.Debug|x64.Build.0 = Debug|Any CPU
		{14FF0EFE-2BE6-4971-80AA-81A8F4EFDBEE}.Debug|x86.ActiveCfg = Debug|Any CPU
		{14FF0EFE-2BE6-4971-80AA-81A8F4EFDBEE}.Debug|x86.Build.0 = Debug|Any CPU
		{14FF0EFE-2BE6-4971-80AA-81A8F4EFDBEE}.Release|Any CPU.ActiveCfg = Release|Any CPU
		{14FF0EFE-2BE6-4971-80AA-81A8F4EFDBEE}.Release|Any CPU.Build.0 = Release|Any CPU
		{14FF0EFE-2BE6-4971-80AA-81A8F4EFDBEE}.Release|x64.ActiveCfg = Release|Any CPU
		{14FF0EFE-2BE6-4971-80AA-81A8F4EFDBEE}.Release|x64.Build.0 = Release|Any CPU
		{14FF0EFE-2BE6-4971-80AA-81A8F4EFDBEE}.Release|x86.ActiveCfg = Release|x86
		{14FF0EFE-2BE6-4971-80AA-81A8F4EFDBEE}.Release|x86.Build.0 = Release|x86
		{A1B2C3D4-E5F6-7890-ABCD-EF1234567890}.Debug|Any CPU.ActiveCfg = Debug|Any CPU
		{A1B2C3D4-E5F6-7890-ABCD-EF1234567890}.Debug|Any CPU.Build.0 = Debug|Any CPU
		{A1B2C3D4-E5F6-7890-ABCD-EF1234567890}.Debug|x64.ActiveCfg = Debug|Any CPU
		{A1B2C3D4-E5F6-7890-ABCD-EF1234567890}.Debug|x64.Build.0 = Debug|Any CPU
		{A1B2C3D4-E5F6-7890-ABCD-EF1234567890}.Debug|x86.ActiveCfg = Debug|Any CPU
		{A1B2C3D4-E5F6-7890-ABCD-EF1234567890}.Debug|x86.Build.0 = Debug|Any CPU
		{A1B2C3D4-E5F6-7890-ABCD-EF1234567890}.Release|Any CPU.ActiveCfg = Release|Any CPU
		{A1B2C3D4-E5F6-7890-ABCD-EF1234567890}.Release|Any CPU.Build.0 = Release|Any CPU
		{A1B2C3D4-E5F6-7890-ABCD-EF1234567890}.Release|x64.ActiveCfg = Release|Any CPU
		{A1B2C3D4-E5F6-7890-ABCD-EF1234567890}.Release|x64.Build.0 = Release|Any CPU
		{A1B2C3D4-E5F6-7890-ABCD-EF1234567890}.Release|x86.ActiveCfg = Release|x86
		{A1B2C3D4-E5F6-7890-ABCD-EF1234567890}.Release|x86.Build.0 = Release|x86
		{B2C3D4E5-F6A7-8901-BCDE-F12345678901}.Debug|Any CPU.ActiveCfg = Debug|Any CPU
		{B2C3D4E5-F6A7-8901-BCDE-F12345678901}.Debug|Any CPU.Build.0 = Debug|Any CPU
		{B2C3D4E5-F6A7-8901-BCDE-F12345678901}.Debug|x64.ActiveCfg = Debug|Any CPU
		{B2C3D4E5-F6A7-8901-BCDE-F12345678901}.Debug|x64.Build.0 = Debug|Any CPU
		{B2C3D4E5-F6A7-8901-BCDE-F12345678901}.Debug|x86.ActiveCfg = Debug|Any CPU
		{B2C3D4E5-F6A7-8901-BCDE-F12345678901}.Debug|x86.Build.0 = Debug|Any CPU
		{B2C3D4E5-F6A7-8901-BCDE-F12345678901}.Release|Any CPU.ActiveCfg = Release|Any CPU
		{B2C3D4E5-F6A7-8901-BCDE-F12345678901}.Release|Any CPU.Build.0 = Release|Any CPU
		{B2C3D4E5-F6A7-8901-BCDE-F12345678901}.Release|x64.ActiveCfg = Release|Any CPU
		{B2C3D4E5-F6A7-8901-BCDE-F12345678901}.Release|x64.Build.0 = Release|Any CPU
		{B2C3D4E5-F6A7-8901-BCDE-F12345678901}.Release|x86.ActiveCfg = Release|x86
		{B2C3D4E5-F6A7-8901-BCDE-F12345678901}.Release|x86.Build.0 = Release|x86
		{C3D4E5F6-A7B8-9012-CDEF-123456789012}.Debug|Any CPU.ActiveCfg = Debug|Any CPU
		{C3D4E5F6-A7B8-9012-CDEF-123456789012}.Debug|Any CPU.Build.0 = Debug|Any CPU
		{C3D4E5F6-A7B8-9012-CDEF-123456789012}.Debug|x64.ActiveCfg = Debug|Any CPU
		{C3D4E5F6-A7B8-9012-CDEF-123456789012}.Debug|x64.Build.0 = Debug|Any CPU
		{C3D4E5F6-A7B8-9012-CDEF-123456789012}.Debug|x86.ActiveCfg = Debug|Any CPU
		{C3D4E5F6-A7B8-9012-CDEF-123456789012}.Debug|x86.Build.0 = Debug|Any CPU
		{C3D4E5F6-A7B8-9012-CDEF-123456789012}.Release|Any CPU.ActiveCfg = Release|Any CPU
		{C3D4E5F6-A7B8-9012-CDEF-123456789012}.Release|Any CPU.Build.0 = Release|Any CPU
		{C3D4E5F6-A7B8-9012-CDEF-123456789012}.Release|x64.ActiveCfg = Release|Any CPU
		{C3D4E5F6-A7B8-9012-CDEF-123456789012}.Release|x64.Build.0 = Release|Any CPU
		{C3D4E5F6-A7B8-9012-CDEF-123456789012}.Release|x86.ActiveCfg = Release|x86
		{C3D4E5F6-A7B8-9012-CDEF-123456789012}.Release|x86.Build.0 = Release|x86
		{D4E5F6A7-B8C9-0123-DEF0-234567890123}.Debug|Any CPU.ActiveCfg = Debug|Any CPU
		{D4E5F6A7-B8C9-0123-DEF0-234567890123}.Debug|Any CPU.Build.0 = Debug|Any CPU
		{D4E5F6A7-B8C9-0123-DEF0-234567890123}.Debug|x64.ActiveCfg = Debug|Any CPU
		{D4E5F6A7-B8C9-0123-DEF0-234567890123}.Debug|x64.Build.0 = Debug|Any CPU
		{D4E5F6A7-B8C9-0123-DEF0-234567890123}.Debug|x86.ActiveCfg = Debug|Any CPU
		{D4E5F6A7-B8C9-0123-DEF0-234567890123}.Debug|x86.Build.0 = Debug|Any CPU
		{D4E5F6A7-B8C9-0123-DEF0-234567890123}.Release|Any CPU.ActiveCfg = Release|Any CPU
		{D4E5F6A7-B8C9-0123-DEF0-234567890123}.Release|Any CPU.Build.0 = Release|Any CPU
		{D4E5F6A7-B8C9-0123-DEF0-234567890123}.Release|x64.ActiveCfg = Release|Any CPU
		{D4E5F6A7-B8C9-0123-DEF0-234567890123}.Release|x64.Build.0 = Release|Any CPU
		{D4E5F6A7-B8C9-0123-DEF0-234567890123}.Release|x86.ActiveCfg = Release|x86
		{D4E5F6A7-B8C9-0123-DEF0-234567890123}.Release|x86.Build.0 = Release|x86
		{E5F6A7B8-C9D0-1234-EF01-345678901234}.Debug|Any CPU.ActiveCfg = Debug|Any CPU
		{E5F6A7B8-C9D0-1234-EF01-345678901234}.Debug|Any CPU.Build.0 = Debug|Any CPU
		{E5F6A7B8-C9D0-1234-EF01-345678901234}.Debug|x64.ActiveCfg = Debug|Any CPU
		{E5F6A7B8-C9D0-1234-EF01-345678901234}.Debug|x64.Build.0 = Debug|Any CPU
		{E5F6A7B8-C9D0-1234-EF01-345678901234}.Debug|x86.ActiveCfg = Debug|Any CPU
		{E5F6A7B8-C9D0-1234-EF01-345678901234}.Debug|x86.Build.0 = Debug|Any CPU
		{E5F6A7B8-C9D0-1234-EF01-345678901234}.Release|Any CPU.ActiveCfg = Release|Any CPU
		{E5F6A7B8-C9D0-1234-EF01-345678901234}.Release|Any CPU.Build.0 = Release|Any CPU
		{E5F6A7B8-C9D0-1234-EF01-345678901234}.Release|x64.ActiveCfg = Release|Any CPU
		{E5F6A7B8-C9D0-1234-EF01-345678901234}.Release|x64.Build.0 = Release|Any CPU
		{E5F6A7B8-C9D0-1234-EF01-345678901234}.Release|x86.ActiveCfg = Release|x86
		{E5F6A7B8-C9D0-1234-EF01-345678901234}.Release|x86.Build.0 = Release|x86
	EndGlobalSection
	GlobalSection(SolutionProperties) = preSolution
		HideSolutionNode = FALSE
	EndGlobalSection
	GlobalSection(NestedProjects) = preSolution
		{B943E586-42DA-4D81-BFE0-E48719D650B6} = {0C4ECF63-BF1C-4FD2-9A80-9FEAEEE74CD0}
		{B7699422-1AC9-4E34-AEE0-BD099EB16E4E} = {0C4ECF63-BF1C-4FD2-9A80-9FEAEEE74CD0}
		{A631CF65-CAE7-4ABB-80DF-447C3A40D079} = {0C4ECF63-BF1C-4FD2-9A80-9FEAEEE74CD0}
		{14FF0EFE-2BE6-4971-80AA-81A8F4EFDBEE} = {0C4ECF63-BF1C-4FD2-9A80-9FEAEEE74CD0}
		{A1B2C3D4-E5F6-7890-ABCD-EF1234567890} = {0C4ECF63-BF1C-4FD2-9A80-9FEAEEE74CD0}
		{B2C3D4E5-F6A7-8901-BCDE-F12345678901} = {0C4ECF63-BF1C-4FD2-9A80-9FEAEEE74CD0}
		{C3D4E5F6-A7B8-9012-CDEF-123456789012} = {0C4ECF63-BF1C-4FD2-9A80-9FEAEEE74CD0}
		{D4E5F6A7-B8C9-0123-DEF0-234567890123} = {0C4ECF63-BF1C-4FD2-9A80-9FEAEEE74CD0}
		{E5F6A7B8-C9D0-1234-EF01-345678901234} = {0C4ECF63-BF1C-4FD2-9A80-9FEAEEE74CD0}
	EndGlobalSection
EndGlobal
