
Microsoft Visual Studio Solution File, Format Version 12.00
# Visual Studio Version 17
VisualStudioVersion = 17.0.31903.59
MinimumVisualStudioVersion = 10.0.40219.1
Project("{2150E333-8FDC-42A3-9474-1A3956D46DE8}") = "src", "src", "{0C4ECF63-BF1C-4FD2-9A80-9FEAEEE74CD0}"
EndProject
Project("{FAE04EC0-301F-11D3-BF4B-00C04F79EFBC}") = "InsuranceEngine.ApiHost", "src\InsuranceEngine.ApiHost\InsuranceEngine.ApiHost.csproj", "{B943E586-42DA-4D81-BFE0-E48719D650B6}"
EndProject
Project("{FAE04EC0-301F-11D3-BF4B-00C04F79EFBC}") = "InsuranceEngine.SharedKernel", "src\InsuranceEngine.SharedKernel\InsuranceEngine.SharedKernel.csproj", "{B7699422-1AC9-4E34-AEE0-BD099EB16E4E}"
EndProject
Project("{FAE04EC0-301F-11D3-BF4B-00C04F79EFBC}") = "InsuranceEngine.Products", "src\InsuranceEngine.Products\InsuranceEngine.Products.csproj", "{70747EC1-349C-4F50-AEB4-AB663FF77287}"
EndProject
Project("{FAE04EC0-301F-11D3-BF4B-00C04F79EFBC}") = "InsuranceEngine.Policy", "src\InsuranceEngine.Policy\InsuranceEngine.Policy.csproj", "{A6077855-279B-4B50-A577-BD2FD32E1ACB}"
EndProject
Project("{FAE04EC0-301F-11D3-BF4B-00C04F79EFBC}") = "InsuranceEngine.Claims", "src\InsuranceEngine.Claims\InsuranceEngine.Claims.csproj", "{17A3099A-AB0C-4B84-8BA7-F0CEBA2964D1}"
EndProject
Project("{FAE04EC0-301F-11D3-BF4B-00C04F79EFBC}") = "InsuranceEngine.Underwriting", "src\InsuranceEngine.Underwriting\InsuranceEngine.Underwriting.csproj", "{3B04144B-DCDA-4B9F-8935-37D6BBBE094B}"
EndProject
Project("{FAE04EC0-301F-11D3-BF4B-00C04F79EFBC}") = "InsuranceEngine.Infrastructure", "src\InsuranceEngine.Infrastructure\InsuranceEngine.Infrastructure.csproj", "{409D9787-75AC-4FA9-930E-BB85247D1930}"
EndProject
Project("{2150E333-8FDC-42A3-9474-1A3956D46DE8}") = "tests", "tests", "{0AB3BF05-4346-4AA6-1389-037BE0695223}"
EndProject
Project("{FAE04EC0-301F-11D3-BF4B-00C04F79EFBC}") = "InsuranceEngine.Policy.Tests", "tests\InsuranceEngine.Policy.Tests\InsuranceEngine.Policy.Tests.csproj", "{EBC710AE-6112-4D0C-9443-FAD23B946B86}"
EndProject
Project("{FAE04EC0-301F-11D3-BF4B-00C04F79EFBC}") = "InsuranceEngine.Products.Tests", "tests\InsuranceEngine.Products.Tests\InsuranceEngine.Products.Tests.csproj", "{C262F840-43BC-4897-9027-EC94FF8E8DD5}"
EndProject
Project("{FAE04EC0-301F-11D3-BF4B-00C04F79EFBC}") = "InsuranceEngine.Claims.Tests", "tests\InsuranceEngine.Claims.Tests\InsuranceEngine.Claims.Tests.csproj", "{BC6B073D-6ED8-46A5-939B-F0E8BC2EFE0C}"
EndProject
Global
	GlobalSection(SolutionConfigurationPlatforms) = preSolution
		Debug|Any CPU = Debug|Any CPU
		Debug|x64 = Debug|x64
		Debug|x86 = Debug|x86
		Release|Any CPU = Release|Any CPU
		Release|x64 = Release|x64
		Release|x86 = Release|x86
	EndGlobalSection
	GlobalSection(ProjectConfigurationPlatforms) = postSolution
		{B943E586-42DA-4D81-BFE0-E48719D650B6}.Debug|Any CPU.ActiveCfg = Debug|Any CPU
		{B943E586-42DA-4D81-BFE0-E48719D650B6}.Debug|Any CPU.Build.0 = Debug|Any CPU
		{B943E586-42DA-4D81-BFE0-E48719D650B6}.Debug|x64.ActiveCfg = Debug|Any CPU
		{B943E586-42DA-4D81-BFE0-E48719D650B6}.Debug|x64.Build.0 = Debug|Any CPU
		{B943E586-42DA-4D81-BFE0-E48719D650B6}.Debug|x86.ActiveCfg = Debug|Any CPU
		{B943E586-42DA-4D81-BFE0-E48719D650B6}.Debug|x86.Build.0 = Debug|Any CPU
		{B943E586-42DA-4D81-BFE0-E48719D650B6}.Release|Any CPU.ActiveCfg = Release|Any CPU
		{B943E586-42DA-4D81-BFE0-E48719D650B6}.Release|Any CPU.Build.0 = Release|Any CPU
		{B943E586-42DA-4D81-BFE0-E48719D650B6}.Release|x64.ActiveCfg = Release|Any CPU
		{B943E586-42DA-4D81-BFE0-E48719D650B6}.Release|x64.Build.0 = Release|Any CPU
		{B943E586-42DA-4D81-BFE0-E48719D650B6}.Release|x86.ActiveCfg = Release|Any CPU
		{B943E586-42DA-4D81-BFE0-E48719D650B6}.Release|x86.Build.0 = Release|Any CPU
		{B7699422-1AC9-4E34-AEE0-BD099EB16E4E}.Debug|Any CPU.ActiveCfg = Debug|Any CPU
		{B7699422-1AC9-4E34-AEE0-BD099EB16E4E}.Debug|Any CPU.Build.0 = Debug|Any CPU
		{B7699422-1AC9-4E34-AEE0-BD099EB16E4E}.Debug|x64.ActiveCfg = Debug|Any CPU
		{B7699422-1AC9-4E34-AEE0-BD099EB16E4E}.Debug|x64.Build.0 = Debug|Any CPU
		{B7699422-1AC9-4E34-AEE0-BD099EB16E4E}.Debug|x86.ActiveCfg = Debug|Any CPU
		{B7699422-1AC9-4E34-AEE0-BD099EB16E4E}.Debug|x86.Build.0 = Debug|Any CPU
		{B7699422-1AC9-4E34-AEE0-BD099EB16E4E}.Release|Any CPU.ActiveCfg = Release|Any CPU
		{B7699422-1AC9-4E34-AEE0-BD099EB16E4E}.Release|Any CPU.Build.0 = Release|Any CPU
		{B7699422-1AC9-4E34-AEE0-BD099EB16E4E}.Release|x64.ActiveCfg = Release|Any CPU
		{B7699422-1AC9-4E34-AEE0-BD099EB16E4E}.Release|x64.Build.0 = Release|Any CPU
		{B7699422-1AC9-4E34-AEE0-BD099EB16E4E}.Release|x86.ActiveCfg = Release|Any CPU
		{B7699422-1AC9-4E34-AEE0-BD099EB16E4E}.Release|x86.Build.0 = Release|Any CPU
		{70747EC1-349C-4F50-AEB4-AB663FF77287}.Debug|Any CPU.ActiveCfg = Debug|Any CPU
		{70747EC1-349C-4F50-AEB4-AB663FF77287}.Debug|Any CPU.Build.0 = Debug|Any CPU
		{70747EC1-349C-4F50-AEB4-AB663FF77287}.Debug|x64.ActiveCfg = Debug|Any CPU
		{70747EC1-349C-4F50-AEB4-AB663FF77287}.Debug|x64.Build.0 = Debug|Any CPU
		{70747EC1-349C-4F50-AEB4-AB663FF77287}.Debug|x86.ActiveCfg = Debug|Any CPU
		{70747EC1-349C-4F50-AEB4-AB663FF77287}.Debug|x86.Build.0 = Debug|Any CPU
		{70747EC1-349C-4F50-AEB4-AB663FF77287}.Release|Any CPU.ActiveCfg = Release|Any CPU
		{70747EC1-349C-4F50-AEB4-AB663FF77287}.Release|Any CPU.Build.0 = Release|Any CPU
		{70747EC1-349C-4F50-AEB4-AB663FF77287}.Release|x64.ActiveCfg = Release|Any CPU
		{70747EC1-349C-4F50-AEB4-AB663FF77287}.Release|x64.Build.0 = Release|Any CPU
		{70747EC1-349C-4F50-AEB4-AB663FF77287}.Release|x86.ActiveCfg = Release|Any CPU
		{70747EC1-349C-4F50-AEB4-AB663FF77287}.Release|x86.Build.0 = Release|Any CPU
		{A6077855-279B-4B50-A577-BD2FD32E1ACB}.Debug|Any CPU.ActiveCfg = Debug|Any CPU
		{A6077855-279B-4B50-A577-BD2FD32E1ACB}.Debug|Any CPU.Build.0 = Debug|Any CPU
		{A6077855-279B-4B50-A577-BD2FD32E1ACB}.Debug|x64.ActiveCfg = Debug|Any CPU
		{A6077855-279B-4B50-A577-BD2FD32E1ACB}.Debug|x64.Build.0 = Debug|Any CPU
		{A6077855-279B-4B50-A577-BD2FD32E1ACB}.Debug|x86.ActiveCfg = Debug|Any CPU
		{A6077855-279B-4B50-A577-BD2FD32E1ACB}.Debug|x86.Build.0 = Debug|Any CPU
		{A6077855-279B-4B50-A577-BD2FD32E1ACB}.Release|Any CPU.ActiveCfg = Release|Any CPU
		{A6077855-279B-4B50-A577-BD2FD32E1ACB}.Release|Any CPU.Build.0 = Release|Any CPU
		{A6077855-279B-4B50-A577-BD2FD32E1ACB}.Release|x64.ActiveCfg = Release|Any CPU
		{A6077855-279B-4B50-A577-BD2FD32E1ACB}.Release|x64.Build.0 = Release|Any CPU
		{A6077855-279B-4B50-A577-BD2FD32E1ACB}.Release|x86.ActiveCfg = Release|Any CPU
		{A6077855-279B-4B50-A577-BD2FD32E1ACB}.Release|x86.Build.0 = Release|Any CPU
		{17A3099A-AB0C-4B84-8BA7-F0CEBA2964D1}.Debug|Any CPU.ActiveCfg = Debug|Any CPU
		{17A3099A-AB0C-4B84-8BA7-F0CEBA2964D1}.Debug|Any CPU.Build.0 = Debug|Any CPU
		{17A3099A-AB0C-4B84-8BA7-F0CEBA2964D1}.Debug|x64.ActiveCfg = Debug|Any CPU
		{17A3099A-AB0C-4B84-8BA7-F0CEBA2964D1}.Debug|x64.Build.0 = Debug|Any CPU
		{17A3099A-AB0C-4B84-8BA7-F0CEBA2964D1}.Debug|x86.ActiveCfg = Debug|Any CPU
		{17A3099A-AB0C-4B84-8BA7-F0CEBA2964D1}.Debug|x86.Build.0 = Debug|Any CPU
		{17A3099A-AB0C-4B84-8BA7-F0CEBA2964D1}.Release|Any CPU.ActiveCfg = Release|Any CPU
		{17A3099A-AB0C-4B84-8BA7-F0CEBA2964D1}.Release|Any CPU.Build.0 = Release|Any CPU
		{17A3099A-AB0C-4B84-8BA7-F0CEBA2964D1}.Release|x64.ActiveCfg = Release|Any CPU
		{17A3099A-AB0C-4B84-8BA7-F0CEBA2964D1}.Release|x64.Build.0 = Release|Any CPU
		{17A3099A-AB0C-4B84-8BA7-F0CEBA2964D1}.Release|x86.ActiveCfg = Release|Any CPU
		{17A3099A-AB0C-4B84-8BA7-F0CEBA2964D1}.Release|x86.Build.0 = Release|Any CPU
		{3B04144B-DCDA-4B9F-8935-37D6BBBE094B}.Debug|Any CPU.ActiveCfg = Debug|Any CPU
		{3B04144B-DCDA-4B9F-8935-37D6BBBE094B}.Debug|Any CPU.Build.0 = Debug|Any CPU
		{3B04144B-DCDA-4B9F-8935-37D6BBBE094B}.Debug|x64.ActiveCfg = Debug|Any CPU
		{3B04144B-DCDA-4B9F-8935-37D6BBBE094B}.Debug|x64.Build.0 = Debug|Any CPU
		{3B04144B-DCDA-4B9F-8935-37D6BBBE094B}.Debug|x86.ActiveCfg = Debug|Any CPU
		{3B04144B-DCDA-4B9F-8935-37D6BBBE094B}.Debug|x86.Build.0 = Debug|Any CPU
		{3B04144B-DCDA-4B9F-8935-37D6BBBE094B}.Release|Any CPU.ActiveCfg = Release|Any CPU
		{3B04144B-DCDA-4B9F-8935-37D6BBBE094B}.Release|Any CPU.Build.0 = Release|Any CPU
		{3B04144B-DCDA-4B9F-8935-37D6BBBE094B}.Release|x64.ActiveCfg = Release|Any CPU
		{3B04144B-DCDA-4B9F-8935-37D6BBBE094B}.Release|x64.Build.0 = Release|Any CPU
		{3B04144B-DCDA-4B9F-8935-37D6BBBE094B}.Release|x86.ActiveCfg = Release|Any CPU
		{3B04144B-DCDA-4B9F-8935-37D6BBBE094B}.Release|x86.Build.0 = Release|Any CPU
		{409D9787-75AC-4FA9-930E-BB85247D1930}.Debug|Any CPU.ActiveCfg = Debug|Any CPU
		{409D9787-75AC-4FA9-930E-BB85247D1930}.Debug|Any CPU.Build.0 = Debug|Any CPU
		{409D9787-75AC-4FA9-930E-BB85247D1930}.Debug|x64.ActiveCfg = Debug|Any CPU
		{409D9787-75AC-4FA9-930E-BB85247D1930}.Debug|x64.Build.0 = Debug|Any CPU
		{409D9787-75AC-4FA9-930E-BB85247D1930}.Debug|x86.ActiveCfg = Debug|Any CPU
		{409D9787-75AC-4FA9-930E-BB85247D1930}.Debug|x86.Build.0 = Debug|Any CPU
		{409D9787-75AC-4FA9-930E-BB85247D1930}.Release|Any CPU.ActiveCfg = Release|Any CPU
		{409D9787-75AC-4FA9-930E-BB85247D1930}.Release|Any CPU.Build.0 = Release|Any CPU
		{409D9787-75AC-4FA9-930E-BB85247D1930}.Release|x64.ActiveCfg = Release|Any CPU
		{409D9787-75AC-4FA9-930E-BB85247D1930}.Release|x64.Build.0 = Release|Any CPU
		{409D9787-75AC-4FA9-930E-BB85247D1930}.Release|x86.ActiveCfg = Release|Any CPU
		{409D9787-75AC-4FA9-930E-BB85247D1930}.Release|x86.Build.0 = Release|Any CPU
		{EBC710AE-6112-4D0C-9443-FAD23B946B86}.Debug|Any CPU.ActiveCfg = Debug|Any CPU
		{EBC710AE-6112-4D0C-9443-FAD23B946B86}.Debug|Any CPU.Build.0 = Debug|Any CPU
		{EBC710AE-6112-4D0C-9443-FAD23B946B86}.Debug|x64.ActiveCfg = Debug|Any CPU
		{EBC710AE-6112-4D0C-9443-FAD23B946B86}.Debug|x64.Build.0 = Debug|Any CPU
		{EBC710AE-6112-4D0C-9443-FAD23B946B86}.Debug|x86.ActiveCfg = Debug|Any CPU
		{EBC710AE-6112-4D0C-9443-FAD23B946B86}.Debug|x86.Build.0 = Debug|Any CPU
		{EBC710AE-6112-4D0C-9443-FAD23B946B86}.Release|Any CPU.ActiveCfg = Release|Any CPU
		{EBC710AE-6112-4D0C-9443-FAD23B946B86}.Release|Any CPU.Build.0 = Release|Any CPU
		{EBC710AE-6112-4D0C-9443-FAD23B946B86}.Release|x64.ActiveCfg = Release|Any CPU
		{EBC710AE-6112-4D0C-9443-FAD23B946B86}.Release|x64.Build.0 = Release|Any CPU
		{EBC710AE-6112-4D0C-9443-FAD23B946B86}.Release|x86.ActiveCfg = Release|Any CPU
		{EBC710AE-6112-4D0C-9443-FAD23B946B86}.Release|x86.Build.0 = Release|Any CPU
		{C262F840-43BC-4897-9027-EC94FF8E8DD5}.Debug|Any CPU.ActiveCfg = Debug|Any CPU
		{C262F840-43BC-4897-9027-EC94FF8E8DD5}.Debug|Any CPU.Build.0 = Debug|Any CPU
		{C262F840-43BC-4897-9027-EC94FF8E8DD5}.Debug|x64.ActiveCfg = Debug|Any CPU
		{C262F840-43BC-4897-9027-EC94FF8E8DD5}.Debug|x64.Build.0 = Debug|Any CPU
		{C262F840-43BC-4897-9027-EC94FF8E8DD5}.Debug|x86.ActiveCfg = Debug|Any CPU
		{C262F840-43BC-4897-9027-EC94FF8E8DD5}.Debug|x86.Build.0 = Debug|Any CPU
		{C262F840-43BC-4897-9027-EC94FF8E8DD5}.Release|Any CPU.ActiveCfg = Release|Any CPU
		{C262F840-43BC-4897-9027-EC94FF8E8DD5}.Release|Any CPU.Build.0 = Release|Any CPU
		{C262F840-43BC-4897-9027-EC94FF8E8DD5}.Release|x64.ActiveCfg = Release|Any CPU
		{C262F840-43BC-4897-9027-EC94FF8E8DD5}.Release|x64.Build.0 = Release|Any CPU
		{C262F840-43BC-4897-9027-EC94FF8E8DD5}.Release|x86.ActiveCfg = Release|Any CPU
		{C262F840-43BC-4897-9027-EC94FF8E8DD5}.Release|x86.Build.0 = Release|Any CPU
		{BC6B073D-6ED8-46A5-939B-F0E8BC2EFE0C}.Debug|Any CPU.ActiveCfg = Debug|Any CPU
		{BC6B073D-6ED8-46A5-939B-F0E8BC2EFE0C}.Debug|Any CPU.Build.0 = Debug|Any CPU
		{BC6B073D-6ED8-46A5-939B-F0E8BC2EFE0C}.Debug|x64.ActiveCfg = Debug|Any CPU
		{BC6B073D-6ED8-46A5-939B-F0E8BC2EFE0C}.Debug|x64.Build.0 = Debug|Any CPU
		{BC6B073D-6ED8-46A5-939B-F0E8BC2EFE0C}.Debug|x86.ActiveCfg = Debug|Any CPU
		{BC6B073D-6ED8-46A5-939B-F0E8BC2EFE0C}.Debug|x86.Build.0 = Debug|Any CPU
		{BC6B073D-6ED8-46A5-939B-F0E8BC2EFE0C}.Release|Any CPU.ActiveCfg = Release|Any CPU
		{BC6B073D-6ED8-46A5-939B-F0E8BC2EFE0C}.Release|Any CPU.Build.0 = Release|Any CPU
		{BC6B073D-6ED8-46A5-939B-F0E8BC2EFE0C}.Release|x64.ActiveCfg = Release|Any CPU
		{BC6B073D-6ED8-46A5-939B-F0E8BC2EFE0C}.Release|x64.Build.0 = Release|Any CPU
		{BC6B073D-6ED8-46A5-939B-F0E8BC2EFE0C}.Release|x86.ActiveCfg = Release|Any CPU
		{BC6B073D-6ED8-46A5-939B-F0E8BC2EFE0C}.Release|x86.Build.0 = Release|Any CPU
	EndGlobalSection
	GlobalSection(SolutionProperties) = preSolution
		HideSolutionNode = FALSE
	EndGlobalSection
	GlobalSection(NestedProjects) = preSolution
		{B943E586-42DA-4D81-BFE0-E48719D650B6} = {0C4ECF63-BF1C-4FD2-9A80-9FEAEEE74CD0}
		{B7699422-1AC9-4E34-AEE0-BD099EB16E4E} = {0C4ECF63-BF1C-4FD2-9A80-9FEAEEE74CD0}
		{70747EC1-349C-4F50-AEB4-AB663FF77287} = {0C4ECF63-BF1C-4FD2-9A80-9FEAEEE74CD0}
		{A6077855-279B-4B50-A577-BD2FD32E1ACB} = {0C4ECF63-BF1C-4FD2-9A80-9FEAEEE74CD0}
		{17A3099A-AB0C-4B84-8BA7-F0CEBA2964D1} = {0C4ECF63-BF1C-4FD2-9A80-9FEAEEE74CD0}
		{3B04144B-DCDA-4B9F-8935-37D6BBBE094B} = {0C4ECF63-BF1C-4FD2-9A80-9FEAEEE74CD0}
		{409D9787-75AC-4FA9-930E-BB85247D1930} = {0C4ECF63-BF1C-4FD2-9A80-9FEAEEE74CD0}
		{EBC710AE-6112-4D0C-9443-FAD23B946B86} = {0AB3BF05-4346-4AA6-1389-037BE0695223}
		{C262F840-43BC-4897-9027-EC94FF8E8DD5} = {0AB3BF05-4346-4AA6-1389-037BE0695223}
		{BC6B073D-6ED8-46A5-939B-F0E8BC2EFE0C} = {0AB3BF05-4346-4AA6-1389-037BE0695223}
	EndGlobalSection
EndGlobal
